
Microsoft Visual Studio Solution File, Format Version 11.00
# Visual C# Express 2010
Project("{FAE04EC0-301F-11D3-BF4B-00C04F79EFBC}") = "HeavyGear", "HeavyGear\HeavyGear.csproj", "{7D4D15BC-9E4A-4F0B-8AD6-23C31F4D0348}"
EndProject
Project("{FAE04EC0-301F-11D3-BF4B-00C04F79EFBC}") = "HeavyGearLibrary", "HeavyGearLibrary\HeavyGearLibrary.csproj", "{3891A6FA-004C-4981-93AA-7AE812027A07}"
EndProject
Project("{FAE04EC0-301F-11D3-BF4B-00C04F79EFBC}") = "HeavyGearLibraryWindows", "HeavyGearLibrary\HeavyGearLibraryWindows.csproj", "{27D0C5C8-32DE-4C86-881B-BD1A6CCA3697}"
EndProject
Project("{FAE04EC0-301F-11D3-BF4B-00C04F79EFBC}") = "HeavyGearWindows", "HeavyGear\HeavyGearWindows.csproj", "{DB5E56CD-F81B-4441-BD66-530D4F65521D}"
EndProject
Project("{FAE04EC0-301F-11D3-BF4B-00C04F79EFBC}") = "HeavyGearMapEditor", "HeavyGearMapEditor\HeavyGearMapEditor.csproj", "{11732618-FD7A-464C-A0E2-9DB76C406C1C}"
EndProject
Project("{FAE04EC0-301F-11D3-BF4B-00C04F79EFBC}") = "HeavyGearContent", "HeavyGear\Content\HeavyGearContent.contentproj", "{A993A0C8-7D19-4A63-8F47-7348000909B2}"
EndProject
Global
	GlobalSection(SolutionConfigurationPlatforms) = preSolution
		Debug|Any CPU = Debug|Any CPU
		Debug|Mixed Platforms = Debug|Mixed Platforms
		Debug|x86 = Debug|x86
		Debug|Xbox 360 = Debug|Xbox 360
		Release|Any CPU = Release|Any CPU
		Release|Mixed Platforms = Release|Mixed Platforms
		Release|x86 = Release|x86
		Release|Xbox 360 = Release|Xbox 360
	EndGlobalSection
	GlobalSection(ProjectConfigurationPlatforms) = postSolution
		{7D4D15BC-9E4A-4F0B-8AD6-23C31F4D0348}.Debug|Any CPU.ActiveCfg = Debug|Xbox 360
		{7D4D15BC-9E4A-4F0B-8AD6-23C31F4D0348}.Debug|Mixed Platforms.ActiveCfg = Debug|Xbox 360
		{7D4D15BC-9E4A-4F0B-8AD6-23C31F4D0348}.Debug|Mixed Platforms.Build.0 = Debug|Xbox 360
		{7D4D15BC-9E4A-4F0B-8AD6-23C31F4D0348}.Debug|Mixed Platforms.Deploy.0 = Debug|Xbox 360
		{7D4D15BC-9E4A-4F0B-8AD6-23C31F4D0348}.Debug|x86.ActiveCfg = Debug|Xbox 360
		{7D4D15BC-9E4A-4F0B-8AD6-23C31F4D0348}.Debug|Xbox 360.ActiveCfg = Debug|Xbox 360
		{7D4D15BC-9E4A-4F0B-8AD6-23C31F4D0348}.Debug|Xbox 360.Build.0 = Debug|Xbox 360
		{7D4D15BC-9E4A-4F0B-8AD6-23C31F4D0348}.Debug|Xbox 360.Deploy.0 = Debug|Xbox 360
		{7D4D15BC-9E4A-4F0B-8AD6-23C31F4D0348}.Release|Any CPU.ActiveCfg = Release|Xbox 360
		{7D4D15BC-9E4A-4F0B-8AD6-23C31F4D0348}.Release|Mixed Platforms.ActiveCfg = Release|Xbox 360
		{7D4D15BC-9E4A-4F0B-8AD6-23C31F4D0348}.Release|Mixed Platforms.Build.0 = Release|Xbox 360
		{7D4D15BC-9E4A-4F0B-8AD6-23C31F4D0348}.Release|Mixed Platforms.Deploy.0 = Release|Xbox 360
		{7D4D15BC-9E4A-4F0B-8AD6-23C31F4D0348}.Release|x86.ActiveCfg = Release|Xbox 360
		{7D4D15BC-9E4A-4F0B-8AD6-23C31F4D0348}.Release|Xbox 360.ActiveCfg = Release|Xbox 360
		{7D4D15BC-9E4A-4F0B-8AD6-23C31F4D0348}.Release|Xbox 360.Build.0 = Release|Xbox 360
		{7D4D15BC-9E4A-4F0B-8AD6-23C31F4D0348}.Release|Xbox 360.Deploy.0 = Release|Xbox 360
		{3891A6FA-004C-4981-93AA-7AE812027A07}.Debug|Any CPU.ActiveCfg = Debug|Xbox 360
		{3891A6FA-004C-4981-93AA-7AE812027A07}.Debug|Mixed Platforms.ActiveCfg = Debug|Xbox 360
		{3891A6FA-004C-4981-93AA-7AE812027A07}.Debug|Mixed Platforms.Build.0 = Debug|Xbox 360
		{3891A6FA-004C-4981-93AA-7AE812027A07}.Debug|x86.ActiveCfg = Debug|Xbox 360
		{3891A6FA-004C-4981-93AA-7AE812027A07}.Debug|Xbox 360.ActiveCfg = Debug|Xbox 360
		{3891A6FA-004C-4981-93AA-7AE812027A07}.Debug|Xbox 360.Build.0 = Debug|Xbox 360
		{3891A6FA-004C-4981-93AA-7AE812027A07}.Release|Any CPU.ActiveCfg = Release|Xbox 360
		{3891A6FA-004C-4981-93AA-7AE812027A07}.Release|Mixed Platforms.ActiveCfg = Release|Xbox 360
		{3891A6FA-004C-4981-93AA-7AE812027A07}.Release|Mixed Platforms.Build.0 = Release|Xbox 360
		{3891A6FA-004C-4981-93AA-7AE812027A07}.Release|x86.ActiveCfg = Release|Xbox 360
		{3891A6FA-004C-4981-93AA-7AE812027A07}.Release|Xbox 360.ActiveCfg = Release|Xbox 360
		{3891A6FA-004C-4981-93AA-7AE812027A07}.Release|Xbox 360.Build.0 = Release|Xbox 360
		{27D0C5C8-32DE-4C86-881B-BD1A6CCA3697}.Debug|Any CPU.ActiveCfg = Debug|x86
		{27D0C5C8-32DE-4C86-881B-BD1A6CCA3697}.Debug|Mixed Platforms.ActiveCfg = Debug|x86
		{27D0C5C8-32DE-4C86-881B-BD1A6CCA3697}.Debug|Mixed Platforms.Build.0 = Debug|x86
		{27D0C5C8-32DE-4C86-881B-BD1A6CCA3697}.Debug|x86.ActiveCfg = Debug|x86
		{27D0C5C8-32DE-4C86-881B-BD1A6CCA3697}.Debug|x86.Build.0 = Debug|x86
		{27D0C5C8-32DE-4C86-881B-BD1A6CCA3697}.Debug|Xbox 360.ActiveCfg = Debug|x86
		{27D0C5C8-32DE-4C86-881B-BD1A6CCA3697}.Release|Any CPU.ActiveCfg = Release|x86
		{27D0C5C8-32DE-4C86-881B-BD1A6CCA3697}.Release|Mixed Platforms.ActiveCfg = Release|x86
		{27D0C5C8-32DE-4C86-881B-BD1A6CCA3697}.Release|Mixed Platforms.Build.0 = Release|x86
		{27D0C5C8-32DE-4C86-881B-BD1A6CCA3697}.Release|x86.ActiveCfg = Release|x86
		{27D0C5C8-32DE-4C86-881B-BD1A6CCA3697}.Release|x86.Build.0 = Release|x86
		{27D0C5C8-32DE-4C86-881B-BD1A6CCA3697}.Release|Xbox 360.ActiveCfg = Release|x86
		{DB5E56CD-F81B-4441-BD66-530D4F65521D}.Debug|Any CPU.ActiveCfg = Debug|x86
		{DB5E56CD-F81B-4441-BD66-530D4F65521D}.Debug|Mixed Platforms.ActiveCfg = Debug|x86
		{DB5E56CD-F81B-4441-BD66-530D4F65521D}.Debug|Mixed Platforms.Build.0 = Debug|x86
		{DB5E56CD-F81B-4441-BD66-530D4F65521D}.Debug|x86.ActiveCfg = Debug|x86
		{DB5E56CD-F81B-4441-BD66-530D4F65521D}.Debug|x86.Build.0 = Debug|x86
		{DB5E56CD-F81B-4441-BD66-530D4F65521D}.Debug|Xbox 360.ActiveCfg = Debug|x86
		{DB5E56CD-F81B-4441-BD66-530D4F65521D}.Release|Any CPU.ActiveCfg = Release|x86
		{DB5E56CD-F81B-4441-BD66-530D4F65521D}.Release|Mixed Platforms.ActiveCfg = Release|x86
		{DB5E56CD-F81B-4441-BD66-530D4F65521D}.Release|Mixed Platforms.Build.0 = Release|x86
		{DB5E56CD-F81B-4441-BD66-530D4F65521D}.Release|x86.ActiveCfg = Release|x86
		{DB5E56CD-F81B-4441-BD66-530D4F65521D}.Release|x86.Build.0 = Release|x86
		{DB5E56CD-F81B-4441-BD66-530D4F65521D}.Release|Xbox 360.ActiveCfg = Release|x86
		{11732618-FD7A-464C-A0E2-9DB76C406C1C}.Debug|Any CPU.ActiveCfg = Debug|Any CPU
		{11732618-FD7A-464C-A0E2-9DB76C406C1C}.Debug|Any CPU.Build.0 = Debug|Any CPU
		{11732618-FD7A-464C-A0E2-9DB76C406C1C}.Debug|Mixed Platforms.ActiveCfg = Debug|Any CPU
		{11732618-FD7A-464C-A0E2-9DB76C406C1C}.Debug|Mixed Platforms.Build.0 = Debug|Any CPU
		{11732618-FD7A-464C-A0E2-9DB76C406C1C}.Debug|x86.ActiveCfg = Debug|Any CPU
		{11732618-FD7A-464C-A0E2-9DB76C406C1C}.Debug|Xbox 360.ActiveCfg = Debug|Any CPU
		{11732618-FD7A-464C-A0E2-9DB76C406C1C}.Release|Any CPU.ActiveCfg = Release|Any CPU
		{11732618-FD7A-464C-A0E2-9DB76C406C1C}.Release|Any CPU.Build.0 = Release|Any CPU
		{11732618-FD7A-464C-A0E2-9DB76C406C1C}.Release|Mixed Platforms.ActiveCfg = Release|Any CPU
		{11732618-FD7A-464C-A0E2-9DB76C406C1C}.Release|Mixed Platforms.Build.0 = Release|Any CPU
		{11732618-FD7A-464C-A0E2-9DB76C406C1C}.Release|x86.ActiveCfg = Release|Any CPU
		{11732618-FD7A-464C-A0E2-9DB76C406C1C}.Release|Xbox 360.ActiveCfg = Release|Any CPU
		{A993A0C8-7D19-4A63-8F47-7348000909B2}.Debug|Any CPU.ActiveCfg = Debug|Xbox 360
		{A993A0C8-7D19-4A63-8F47-7348000909B2}.Debug|Mixed Platforms.ActiveCfg = Debug|Xbox 360
		{A993A0C8-7D19-4A63-8F47-7348000909B2}.Debug|x86.ActiveCfg = Debug|Xbox 360
		{A993A0C8-7D19-4A63-8F47-7348000909B2}.Debug|Xbox 360.ActiveCfg = Debug|Xbox 360
		{A993A0C8-7D19-4A63-8F47-7348000909B2}.Release|Any CPU.ActiveCfg = Release|Xbox 360
		{A993A0C8-7D19-4A63-8F47-7348000909B2}.Release|Mixed Platforms.ActiveCfg = Release|Xbox 360
		{A993A0C8-7D19-4A63-8F47-7348000909B2}.Release|x86.ActiveCfg = Release|Xbox 360
		{A993A0C8-7D19-4A63-8F47-7348000909B2}.Release|Xbox 360.ActiveCfg = Release|Xbox 360
	EndGlobalSection
	GlobalSection(SolutionProperties) = preSolution
		HideSolutionNode = FALSE
	EndGlobalSection
EndGlobal
